
Microsoft Visual Studio Solution File, Format Version 12.00
# Visual Studio Version 16
VisualStudioVersion = 16.0.30711.63
MinimumVisualStudioVersion = 10.0.40219.1
Project("{FAE04EC0-301F-11D3-BF4B-00C04F79EFBC}") = "ModelsPatterns", "ModelsPatterns\ModelsPatterns.csproj", "{D3E9562F-225F-4182-ADEF-7DAC969F08D2}"
EndProject
Global
	GlobalSection(SolutionConfigurationPlatforms) = preSolution
		Debug|Any CPU = Debug|Any CPU
		Release|Any CPU = Release|Any CPU
	EndGlobalSection
	GlobalSection(ProjectConfigurationPlatforms) = postSolution
		{D3E9562F-225F-4182-ADEF-7DAC969F08D2}.Debug|Any CPU.ActiveCfg = Debug|Any CPU
		{D3E9562F-225F-4182-ADEF-7DAC969F08D2}.Debug|Any CPU.Build.0 = Debug|Any CPU
		{D3E9562F-225F-4182-ADEF-7DAC969F08D2}.Release|Any CPU.ActiveCfg = Release|Any CPU
		{D3E9562F-225F-4182-ADEF-7DAC969F08D2}.Release|Any CPU.Build.0 = Release|Any CPU
	EndGlobalSection
	GlobalSection(SolutionProperties) = preSolution
		HideSolutionNode = FALSE
	EndGlobalSection
	GlobalSection(ExtensibilityGlobals) = postSolution
		SolutionGuid = {000A4B27-CC95-4DD7-8130-8D7199EC4CA1}
	EndGlobalSection
EndGlobal
